
Microsoft Visual Studio Solution File, Format Version 12.00
# Visual Studio Version 17
VisualStudioVersion = 17.5.33516.290
MinimumVisualStudioVersion = 10.0.40219.1
Project("{8BC9CEB8-8B4A-11D0-8D11-00A0C91BC942}") = "PG2_13-1課題", "PG2_13-1課題.vcxproj", "{314448AF-FA20-4DB6-8264-E1D39EAF081F}"
EndProject
Global
	GlobalSection(SolutionConfigurationPlatforms) = preSolution
		Debug|x64 = Debug|x64
		Release|x64 = Release|x64
	EndGlobalSection
	GlobalSection(ProjectConfigurationPlatforms) = postSolution
		{314448AF-FA20-4DB6-8264-E1D39EAF081F}.Debug|x64.ActiveCfg = Debug|x64
		{314448AF-FA20-4DB6-8264-E1D39EAF081F}.Debug|x64.Build.0 = Debug|x64
		{314448AF-FA20-4DB6-8264-E1D39EAF081F}.Release|x64.ActiveCfg = Release|x64
		{314448AF-FA20-4DB6-8264-E1D39EAF081F}.Release|x64.Build.0 = Release|x64
	EndGlobalSection
	GlobalSection(SolutionProperties) = preSolution
		HideSolutionNode = FALSE
	EndGlobalSection
	GlobalSection(ExtensibilityGlobals) = postSolution
		SolutionGuid = {0D463A6A-938F-4E86-9D4F-9FEB54D189D4}
	EndGlobalSection
EndGlobal
